{
  "name": "@jackstenglein/chess-dojo-common",
  "version": "1.0.0",
  "lockfileVersion": 3,
  "requires": true,
  "packages": {
    "": {
      "name": "@jackstenglein/chess-dojo-common",
      "version": "1.0.0",
      "license": "MIT",
      "dependencies": {
        "@jackstenglein/chess": "^1.0.64"
      },
      "devDependencies": {
        "prettier-plugin-organize-imports": "^3.2.4"
      }
    },
    "node_modules/@jackstenglein/chess": {
      "version": "1.0.64",
      "resolved": "https://registry.npmjs.org/@jackstenglein/chess/-/chess-1.0.64.tgz",
      "integrity": "sha512-R7hdQrtAv6xhVMAnYkzAshdW5R/M6XTW94XfIyBEXrk6XtrDbnVPoewAByU5iX13yUGqaoboFzw22Mg0S0ZLQA==",
      "dependencies": {
        "@jackstenglein/pgn-parser": "^1.4.12",
        "chess.js": "^1.0.0-beta.7"
      }
    },
    "node_modules/@jackstenglein/pgn-parser": {
      "version": "1.4.12",
      "resolved": "https://registry.npmjs.org/@jackstenglein/pgn-parser/-/pgn-parser-1.4.12.tgz",
      "integrity": "sha512-Hylkkoqn0kXMCGL0GrOEMOPA8kPCBVicj60MkZtdTJSeF90NNjJbTZ0+3TE+gJcgcZBvSQ3t1/rooeg21cfBiQ==",
      "dependencies": {
        "@mliebelt/pgn-types": "^1.0.4"
      },
      "bin": {
        "pgn-parser": "bin/pgn-to-json.js"
      }
    },
    "node_modules/@mliebelt/pgn-types": {
      "version": "1.0.4",
      "resolved": "https://registry.npmjs.org/@mliebelt/pgn-types/-/pgn-types-1.0.4.tgz",
      "integrity": "sha512-l1VUSp8pmdsr6HNTaZIQdmd70XqmtCp5jd0fOi4KpR/mq+NBbE1A178a6+rRy001A0/Li1rUxpssDzcYBR87GQ=="
    },
    "node_modules/chess.js": {
      "version": "1.0.0-beta.8",
      "resolved": "https://registry.npmjs.org/chess.js/-/chess.js-1.0.0-beta.8.tgz",
      "integrity": "sha512-UngzUMXmexcQaQA/UEJuJj5vatEy34awYMD5YMOp/FW3HM7lqspp7ymYs5JAmquDq0WROtURRfSffoa/vrCCyw=="
    },
    "node_modules/prettier": {
      "version": "3.2.5",
      "resolved": "https://registry.npmjs.org/prettier/-/prettier-3.2.5.tgz",
      "integrity": "sha512-3/GWa9aOC0YeD7LUfvOG2NiDyhOWRvt1k+rcKhOuYnMY24iiCphgneUfJDyFXd6rZCAnuLBv6UeAULtrhT/F4A==",
      "dev": true,
      "peer": true,
      "bin": {
        "prettier": "bin/prettier.cjs"
      },
      "engines": {
        "node": ">=14"
      },
      "funding": {
        "url": "https://github.com/prettier/prettier?sponsor=1"
      }
    },
    "node_modules/prettier-plugin-organize-imports": {
      "version": "3.2.4",
      "resolved": "https://registry.npmjs.org/prettier-plugin-organize-imports/-/prettier-plugin-organize-imports-3.2.4.tgz",
      "integrity": "sha512-6m8WBhIp0dfwu0SkgfOxJqh+HpdyfqSSLfKKRZSFbDuEQXDDndb8fTpRWkUrX/uBenkex3MgnVk0J3b3Y5byog==",
      "dev": true,
      "peerDependencies": {
        "@volar/vue-language-plugin-pug": "^1.0.4",
        "@volar/vue-typescript": "^1.0.4",
        "prettier": ">=2.0",
        "typescript": ">=2.9"
      },
      "peerDependenciesMeta": {
        "@volar/vue-language-plugin-pug": {
          "optional": true
        },
        "@volar/vue-typescript": {
          "optional": true
        }
      }
    },
    "node_modules/typescript": {
      "version": "5.4.5",
      "resolved": "https://registry.npmjs.org/typescript/-/typescript-5.4.5.tgz",
      "integrity": "sha512-vcI4UpRgg81oIRUFwR0WSIHKt11nJ7SAVlYNIu+QpqeyXP+gpQJy/Z4+F0aGxSE4MqwjyXvW/TzgkLAx2AGHwQ==",
      "dev": true,
      "peer": true,
      "bin": {
        "tsc": "bin/tsc",
        "tsserver": "bin/tsserver"
      },
      "engines": {
        "node": ">=14.17"
      }
    }
  }
}
